// !$*UTF8*$!
{
	archiveVersion = 1;
	classes = {
	};
	objectVersion = 50;
	objects = {

/* Begin PBXBuildFile section */
		925DAA8820AEFB090012B811 /* ZDAPIExtension.swift in Sources */ = {isa = PBXBuildFile; fileRef = 925DAA8720AEFB090012B811 /* ZDAPIExtension.swift */; };
		928C4BC420A303F500EA75F7 /* ZDContract.swift in Sources */ = {isa = PBXBuildFile; fileRef = 928C4BC320A303F500EA75F7 /* ZDContract.swift */; };
		92AD1A7E2110469900E0CE3C /* ZDOrganizationAPIHandler.swift in Sources */ = {isa = PBXBuildFile; fileRef = 92AD1A522110469900E0CE3C /* ZDOrganizationAPIHandler.swift */; };
		92AD1A7F2110469900E0CE3C /* ZDTicketAPIHandler.swift in Sources */ = {isa = PBXBuildFile; fileRef = 92AD1A542110469900E0CE3C /* ZDTicketAPIHandler.swift */; };
		92AD1A802110469900E0CE3C /* ZDContactAPIHandler.swift in Sources */ = {isa = PBXBuildFile; fileRef = 92AD1A562110469900E0CE3C /* ZDContactAPIHandler.swift */; };
		92AD1A812110469900E0CE3C /* ZDContactAttachementAPIHandler.swift in Sources */ = {isa = PBXBuildFile; fileRef = 92AD1A582110469900E0CE3C /* ZDContactAttachementAPIHandler.swift */; };
		92AD1A822110469900E0CE3C /* ZDTicketTimeEntryAPIHandler.swift in Sources */ = {isa = PBXBuildFile; fileRef = 92AD1A5A2110469900E0CE3C /* ZDTicketTimeEntryAPIHandler.swift */; };
		92AD1A832110469900E0CE3C /* ZDContractAPIHandler.swift in Sources */ = {isa = PBXBuildFile; fileRef = 92AD1A5C2110469900E0CE3C /* ZDContractAPIHandler.swift */; };
		92AD1A842110469900E0CE3C /* ZDAgentAPIHandler.swift in Sources */ = {isa = PBXBuildFile; fileRef = 92AD1A5E2110469900E0CE3C /* ZDAgentAPIHandler.swift */; };
		92AD1A852110469900E0CE3C /* ZDUploadAPIHandler.swift in Sources */ = {isa = PBXBuildFile; fileRef = 92AD1A602110469900E0CE3C /* ZDUploadAPIHandler.swift */; };
		92AD1A862110469900E0CE3C /* ZDTicketCommentsAPIHandler.swift in Sources */ = {isa = PBXBuildFile; fileRef = 92AD1A622110469900E0CE3C /* ZDTicketCommentsAPIHandler.swift */; };
		92AD1A872110469900E0CE3C /* ZDTicketAttachmentAPIHandler.swift in Sources */ = {isa = PBXBuildFile; fileRef = 92AD1A642110469900E0CE3C /* ZDTicketAttachmentAPIHandler.swift */; };
		92AD1A882110469900E0CE3C /* ZDSearchAPIHandler.swift in Sources */ = {isa = PBXBuildFile; fileRef = 92AD1A662110469900E0CE3C /* ZDSearchAPIHandler.swift */; };
		92AD1A892110469900E0CE3C /* ZDAttachementProvoider.swift in Sources */ = {isa = PBXBuildFile; fileRef = 92AD1A692110469900E0CE3C /* ZDAttachementProvoider.swift */; };
		92AD1A8A2110469900E0CE3C /* ZDLayoutAPIHandler.swift in Sources */ = {isa = PBXBuildFile; fileRef = 92AD1A6B2110469900E0CE3C /* ZDLayoutAPIHandler.swift */; };
		92AD1A8B2110469900E0CE3C /* ZDAccountAPIHandler.swift in Sources */ = {isa = PBXBuildFile; fileRef = 92AD1A6D2110469900E0CE3C /* ZDAccountAPIHandler.swift */; };
		92AD1A8C2110469900E0CE3C /* ZDTaskAPIHandler.swift in Sources */ = {isa = PBXBuildFile; fileRef = 92AD1A6F2110469900E0CE3C /* ZDTaskAPIHandler.swift */; };
		92AD1A8D2110469900E0CE3C /* ZDAccountAttachmentAPIHandler.swift in Sources */ = {isa = PBXBuildFile; fileRef = 92AD1A712110469900E0CE3C /* ZDAccountAttachmentAPIHandler.swift */; };
		92AD1A8E2110469900E0CE3C /* ZDTaskAttachementAPIHandler.swift in Sources */ = {isa = PBXBuildFile; fileRef = 92AD1A732110469900E0CE3C /* ZDTaskAttachementAPIHandler.swift */; };
		92AD1A8F2110469900E0CE3C /* ZDViewAPIHandler.swift in Sources */ = {isa = PBXBuildFile; fileRef = 92AD1A752110469900E0CE3C /* ZDViewAPIHandler.swift */; };
		92AD1A902110469900E0CE3C /* ZDMailReplyAddressAPIHandler.swift in Sources */ = {isa = PBXBuildFile; fileRef = 92AD1A772110469900E0CE3C /* ZDMailReplyAddressAPIHandler.swift */; };
		92AD1A912110469900E0CE3C /* ZDThreadAPIHandler.swift in Sources */ = {isa = PBXBuildFile; fileRef = 92AD1A792110469900E0CE3C /* ZDThreadAPIHandler.swift */; };
		92AD1A922110469900E0CE3C /* ZDDepartmentAPIHandler.swift in Sources */ = {isa = PBXBuildFile; fileRef = 92AD1A7B2110469900E0CE3C /* ZDDepartmentAPIHandler.swift */; };
		92AD1A932110469900E0CE3C /* ZDAgentSignaturesAPIHandler.swift in Sources */ = {isa = PBXBuildFile; fileRef = 92AD1A7D2110469900E0CE3C /* ZDAgentSignaturesAPIHandler.swift */; };
		92AD1AAB2110A2A700E0CE3C /* URLPathConstants.swift in Sources */ = {isa = PBXBuildFile; fileRef = 92AD1AAA2110A2A700E0CE3C /* URLPathConstants.swift */; };
		92AD1AB52110A2E000E0CE3C /* ZDAgentSignatures.swift in Sources */ = {isa = PBXBuildFile; fileRef = 92AD1AAD2110A2DF00E0CE3C /* ZDAgentSignatures.swift */; };
		92AD1AB62110A2E000E0CE3C /* ZDCustomizedSignatures.swift in Sources */ = {isa = PBXBuildFile; fileRef = 92AD1AAE2110A2DF00E0CE3C /* ZDCustomizedSignatures.swift */; };
		92AD1AB72110A2E000E0CE3C /* ZDLayouts.swift in Sources */ = {isa = PBXBuildFile; fileRef = 92AD1AB12110A2E000E0CE3C /* ZDLayouts.swift */; };
		92AD1AB82110A2E000E0CE3C /* ZDLayoutSections.swift in Sources */ = {isa = PBXBuildFile; fileRef = 92AD1AB32110A2E000E0CE3C /* ZDLayoutSections.swift */; };
		92AD1AB92110A2E000E0CE3C /* ZDMyForm.swift in Sources */ = {isa = PBXBuildFile; fileRef = 92AD1AB42110A2E000E0CE3C /* ZDMyForm.swift */; };
		92B5C61E20A22E9200469FC2 /* ZDTicketTimeEntry.swift in Sources */ = {isa = PBXBuildFile; fileRef = 92B5C61D20A22E9200469FC2 /* ZDTicketTimeEntry.swift */; };
		92B5C62620A2330300469FC2 /* ZDContactDetail.swift in Sources */ = {isa = PBXBuildFile; fileRef = 92B5C62520A2330300469FC2 /* ZDContactDetail.swift */; };
		92B5C62920A2358800469FC2 /* ZDCustomerHappiness.swift in Sources */ = {isa = PBXBuildFile; fileRef = 92B5C62820A2358800469FC2 /* ZDCustomerHappiness.swift */; };
		92B5C63320A2377600469FC2 /* ZDAccountDetail.swift in Sources */ = {isa = PBXBuildFile; fileRef = 92B5C63220A2377600469FC2 /* ZDAccountDetail.swift */; };
		92B5C63B20A2397000469FC2 /* ZDTask.swift in Sources */ = {isa = PBXBuildFile; fileRef = 92B5C63A20A2397000469FC2 /* ZDTask.swift */; };
		92B5C64320A23B9800469FC2 /* ZDAgent.swift in Sources */ = {isa = PBXBuildFile; fileRef = 92B5C64220A23B9800469FC2 /* ZDAgent.swift */; };
		92B5C64B20A23CAC00469FC2 /* ZDDepartment.swift in Sources */ = {isa = PBXBuildFile; fileRef = 92B5C64A20A23CAC00469FC2 /* ZDDepartment.swift */; };
		92B64A8D20A053A200B19060 /* ZohoDeskSDK.h in Headers */ = {isa = PBXBuildFile; fileRef = 92B64A7F20A053A200B19060 /* ZohoDeskSDK.h */; settings = {ATTRIBUTES = (Public, ); }; };
		92B64AE320A0552800B19060 /* ZDBaseRequest.swift in Sources */ = {isa = PBXBuildFile; fileRef = 92B64AE220A0552800B19060 /* ZDBaseRequest.swift */; };
		92B64AE620A0554500B19060 /* ZDBaseRequester.swift in Sources */ = {isa = PBXBuildFile; fileRef = 92B64AE520A0554500B19060 /* ZDBaseRequester.swift */; };
		92B64AE920A0555A00B19060 /* ZDRequestMaker.swift in Sources */ = {isa = PBXBuildFile; fileRef = 92B64AE820A0555A00B19060 /* ZDRequestMaker.swift */; };
		92B64AEC20A0556900B19060 /* ZDURLConstructor.swift in Sources */ = {isa = PBXBuildFile; fileRef = 92B64AEB20A0556900B19060 /* ZDURLConstructor.swift */; };
		92B64AF120A056B000B19060 /* ZDOrganization.swift in Sources */ = {isa = PBXBuildFile; fileRef = 92B64AF020A056B000B19060 /* ZDOrganization.swift */; };
		92B64AF620A0572D00B19060 /* OptionalUNWrap.swift in Sources */ = {isa = PBXBuildFile; fileRef = 92B64AF520A0572D00B19060 /* OptionalUNWrap.swift */; };
		92B64AFD20A0587200B19060 /* ZohoDeskSDK.swift in Sources */ = {isa = PBXBuildFile; fileRef = 92B64AFC20A0587200B19060 /* ZohoDeskSDK.swift */; };
		92B64B0120A05E0C00B19060 /* DataExtention.swift in Sources */ = {isa = PBXBuildFile; fileRef = 92B64AFF20A05E0C00B19060 /* DataExtention.swift */; };
		92B64B0320A05E0C00B19060 /* StringExtention.swift in Sources */ = {isa = PBXBuildFile; fileRef = 92B64B0020A05E0C00B19060 /* StringExtention.swift */; };
		92B64B0720A05E6300B19060 /* ZDUserDefaults.swift in Sources */ = {isa = PBXBuildFile; fileRef = 92B64B0620A05E6300B19060 /* ZDUserDefaults.swift */; };
		92B64B2220A1758200B19060 /* ZDTicketDetail.swift in Sources */ = {isa = PBXBuildFile; fileRef = 92B64B2120A1758200B19060 /* ZDTicketDetail.swift */; };
		92B64B2720A1766900B19060 /* ZDContact.swift in Sources */ = {isa = PBXBuildFile; fileRef = 92B64B2620A1766900B19060 /* ZDContact.swift */; };
		92B64B2B20A1768300B19060 /* ZDAccount.swift in Sources */ = {isa = PBXBuildFile; fileRef = 92B64B2A20A1768300B19060 /* ZDAccount.swift */; };
		92B64B2E20A1789C00B19060 /* ZDTicket.swift in Sources */ = {isa = PBXBuildFile; fileRef = 92B64B2D20A1789C00B19060 /* ZDTicket.swift */; };
		92B64B3920A1A34800B19060 /* ZDThreadAction.swift in Sources */ = {isa = PBXBuildFile; fileRef = 92B64B3520A1A34700B19060 /* ZDThreadAction.swift */; };
		92B64B3B20A1A34800B19060 /* ZDAttachment.swift in Sources */ = {isa = PBXBuildFile; fileRef = 92B64B3620A1A34800B19060 /* ZDAttachment.swift */; };
		92B64B3D20A1A34800B19060 /* ZDThreadDetail.swift in Sources */ = {isa = PBXBuildFile; fileRef = 92B64B3720A1A34800B19060 /* ZDThreadDetail.swift */; };
		92B64B3F20A1A34800B19060 /* ZDThread.swift in Sources */ = {isa = PBXBuildFile; fileRef = 92B64B3820A1A34800B19060 /* ZDThread.swift */; };
		92B64B4220A1A37400B19060 /* ZDConverstaion.swift in Sources */ = {isa = PBXBuildFile; fileRef = 92B64B4120A1A37400B19060 /* ZDConverstaion.swift */; };
		92B64B4920A1D34600B19060 /* ZDTicketComment.swift in Sources */ = {isa = PBXBuildFile; fileRef = 92B64B4820A1D34600B19060 /* ZDTicketComment.swift */; };
		92C19ECE20B6E2230088D7AC /* ZDLastThread.swift in Sources */ = {isa = PBXBuildFile; fileRef = 92C19ECD20B6E2230088D7AC /* ZDLastThread.swift */; };
		92C19ED920B8882C0088D7AC /* ZDSearch.swift in Sources */ = {isa = PBXBuildFile; fileRef = 92C19ED820B8882C0088D7AC /* ZDSearch.swift */; };
		92EC563A20B93D120019298C /* ZDView.swift in Sources */ = {isa = PBXBuildFile; fileRef = 92EC563920B93D120019298C /* ZDView.swift */; };
/* End PBXBuildFile section */

/* Begin PBXFileReference section */
		925DAA8720AEFB090012B811 /* ZDAPIExtension.swift */ = {isa = PBXFileReference; lastKnownFileType = sourcecode.swift; path = ZDAPIExtension.swift; sourceTree = "<group>"; };
		928C4BC320A303F500EA75F7 /* ZDContract.swift */ = {isa = PBXFileReference; lastKnownFileType = sourcecode.swift; path = ZDContract.swift; sourceTree = "<group>"; };
		92AD1A522110469900E0CE3C /* ZDOrganizationAPIHandler.swift */ = {isa = PBXFileReference; fileEncoding = 4; lastKnownFileType = sourcecode.swift; path = ZDOrganizationAPIHandler.swift; sourceTree = "<group>"; };
		92AD1A542110469900E0CE3C /* ZDTicketAPIHandler.swift */ = {isa = PBXFileReference; fileEncoding = 4; lastKnownFileType = sourcecode.swift; path = ZDTicketAPIHandler.swift; sourceTree = "<group>"; };
		92AD1A562110469900E0CE3C /* ZDContactAPIHandler.swift */ = {isa = PBXFileReference; fileEncoding = 4; lastKnownFileType = sourcecode.swift; path = ZDContactAPIHandler.swift; sourceTree = "<group>"; };
		92AD1A582110469900E0CE3C /* ZDContactAttachementAPIHandler.swift */ = {isa = PBXFileReference; fileEncoding = 4; lastKnownFileType = sourcecode.swift; path = ZDContactAttachementAPIHandler.swift; sourceTree = "<group>"; };
		92AD1A5A2110469900E0CE3C /* ZDTicketTimeEntryAPIHandler.swift */ = {isa = PBXFileReference; fileEncoding = 4; lastKnownFileType = sourcecode.swift; path = ZDTicketTimeEntryAPIHandler.swift; sourceTree = "<group>"; };
		92AD1A5C2110469900E0CE3C /* ZDContractAPIHandler.swift */ = {isa = PBXFileReference; fileEncoding = 4; lastKnownFileType = sourcecode.swift; path = ZDContractAPIHandler.swift; sourceTree = "<group>"; };
		92AD1A5E2110469900E0CE3C /* ZDAgentAPIHandler.swift */ = {isa = PBXFileReference; fileEncoding = 4; lastKnownFileType = sourcecode.swift; path = ZDAgentAPIHandler.swift; sourceTree = "<group>"; };
		92AD1A602110469900E0CE3C /* ZDUploadAPIHandler.swift */ = {isa = PBXFileReference; fileEncoding = 4; lastKnownFileType = sourcecode.swift; path = ZDUploadAPIHandler.swift; sourceTree = "<group>"; };
		92AD1A622110469900E0CE3C /* ZDTicketCommentsAPIHandler.swift */ = {isa = PBXFileReference; fileEncoding = 4; lastKnownFileType = sourcecode.swift; path = ZDTicketCommentsAPIHandler.swift; sourceTree = "<group>"; };
		92AD1A642110469900E0CE3C /* ZDTicketAttachmentAPIHandler.swift */ = {isa = PBXFileReference; fileEncoding = 4; lastKnownFileType = sourcecode.swift; path = ZDTicketAttachmentAPIHandler.swift; sourceTree = "<group>"; };
		92AD1A662110469900E0CE3C /* ZDSearchAPIHandler.swift */ = {isa = PBXFileReference; fileEncoding = 4; lastKnownFileType = sourcecode.swift; path = ZDSearchAPIHandler.swift; sourceTree = "<group>"; };
		92AD1A692110469900E0CE3C /* ZDAttachementProvoider.swift */ = {isa = PBXFileReference; fileEncoding = 4; lastKnownFileType = sourcecode.swift; path = ZDAttachementProvoider.swift; sourceTree = "<group>"; };
		92AD1A6B2110469900E0CE3C /* ZDLayoutAPIHandler.swift */ = {isa = PBXFileReference; fileEncoding = 4; lastKnownFileType = sourcecode.swift; path = ZDLayoutAPIHandler.swift; sourceTree = "<group>"; };
		92AD1A6D2110469900E0CE3C /* ZDAccountAPIHandler.swift */ = {isa = PBXFileReference; fileEncoding = 4; lastKnownFileType = sourcecode.swift; path = ZDAccountAPIHandler.swift; sourceTree = "<group>"; };
		92AD1A6F2110469900E0CE3C /* ZDTaskAPIHandler.swift */ = {isa = PBXFileReference; fileEncoding = 4; lastKnownFileType = sourcecode.swift; path = ZDTaskAPIHandler.swift; sourceTree = "<group>"; };
		92AD1A712110469900E0CE3C /* ZDAccountAttachmentAPIHandler.swift */ = {isa = PBXFileReference; fileEncoding = 4; lastKnownFileType = sourcecode.swift; path = ZDAccountAttachmentAPIHandler.swift; sourceTree = "<group>"; };
		92AD1A732110469900E0CE3C /* ZDTaskAttachementAPIHandler.swift */ = {isa = PBXFileReference; fileEncoding = 4; lastKnownFileType = sourcecode.swift; path = ZDTaskAttachementAPIHandler.swift; sourceTree = "<group>"; };
		92AD1A752110469900E0CE3C /* ZDViewAPIHandler.swift */ = {isa = PBXFileReference; fileEncoding = 4; lastKnownFileType = sourcecode.swift; path = ZDViewAPIHandler.swift; sourceTree = "<group>"; };
		92AD1A772110469900E0CE3C /* ZDMailReplyAddressAPIHandler.swift */ = {isa = PBXFileReference; fileEncoding = 4; lastKnownFileType = sourcecode.swift; path = ZDMailReplyAddressAPIHandler.swift; sourceTree = "<group>"; };
		92AD1A792110469900E0CE3C /* ZDThreadAPIHandler.swift */ = {isa = PBXFileReference; fileEncoding = 4; lastKnownFileType = sourcecode.swift; path = ZDThreadAPIHandler.swift; sourceTree = "<group>"; };
		92AD1A7B2110469900E0CE3C /* ZDDepartmentAPIHandler.swift */ = {isa = PBXFileReference; fileEncoding = 4; lastKnownFileType = sourcecode.swift; path = ZDDepartmentAPIHandler.swift; sourceTree = "<group>"; };
		92AD1A7D2110469900E0CE3C /* ZDAgentSignaturesAPIHandler.swift */ = {isa = PBXFileReference; fileEncoding = 4; lastKnownFileType = sourcecode.swift; path = ZDAgentSignaturesAPIHandler.swift; sourceTree = "<group>"; };
		92AD1AAA2110A2A700E0CE3C /* URLPathConstants.swift */ = {isa = PBXFileReference; fileEncoding = 4; lastKnownFileType = sourcecode.swift; path = URLPathConstants.swift; sourceTree = "<group>"; };
		92AD1AAD2110A2DF00E0CE3C /* ZDAgentSignatures.swift */ = {isa = PBXFileReference; fileEncoding = 4; lastKnownFileType = sourcecode.swift; path = ZDAgentSignatures.swift; sourceTree = "<group>"; };
		92AD1AAE2110A2DF00E0CE3C /* ZDCustomizedSignatures.swift */ = {isa = PBXFileReference; fileEncoding = 4; lastKnownFileType = sourcecode.swift; path = ZDCustomizedSignatures.swift; sourceTree = "<group>"; };
		92AD1AB12110A2E000E0CE3C /* ZDLayouts.swift */ = {isa = PBXFileReference; fileEncoding = 4; lastKnownFileType = sourcecode.swift; path = ZDLayouts.swift; sourceTree = "<group>"; };
		92AD1AB32110A2E000E0CE3C /* ZDLayoutSections.swift */ = {isa = PBXFileReference; fileEncoding = 4; lastKnownFileType = sourcecode.swift; path = ZDLayoutSections.swift; sourceTree = "<group>"; };
		92AD1AB42110A2E000E0CE3C /* ZDMyForm.swift */ = {isa = PBXFileReference; fileEncoding = 4; lastKnownFileType = sourcecode.swift; path = ZDMyForm.swift; sourceTree = "<group>"; };
		92B5C61D20A22E9200469FC2 /* ZDTicketTimeEntry.swift */ = {isa = PBXFileReference; fileEncoding = 4; lastKnownFileType = sourcecode.swift; path = ZDTicketTimeEntry.swift; sourceTree = "<group>"; };
		92B5C62520A2330300469FC2 /* ZDContactDetail.swift */ = {isa = PBXFileReference; fileEncoding = 4; lastKnownFileType = sourcecode.swift; path = ZDContactDetail.swift; sourceTree = "<group>"; };
		92B5C62820A2358800469FC2 /* ZDCustomerHappiness.swift */ = {isa = PBXFileReference; fileEncoding = 4; lastKnownFileType = sourcecode.swift; path = ZDCustomerHappiness.swift; sourceTree = "<group>"; };
		92B5C63220A2377600469FC2 /* ZDAccountDetail.swift */ = {isa = PBXFileReference; fileEncoding = 4; lastKnownFileType = sourcecode.swift; path = ZDAccountDetail.swift; sourceTree = "<group>"; };
		92B5C63A20A2397000469FC2 /* ZDTask.swift */ = {isa = PBXFileReference; fileEncoding = 4; lastKnownFileType = sourcecode.swift; path = ZDTask.swift; sourceTree = "<group>"; };
		92B5C64220A23B9800469FC2 /* ZDAgent.swift */ = {isa = PBXFileReference; fileEncoding = 4; lastKnownFileType = sourcecode.swift; path = ZDAgent.swift; sourceTree = "<group>"; };
		92B5C64A20A23CAC00469FC2 /* ZDDepartment.swift */ = {isa = PBXFileReference; fileEncoding = 4; lastKnownFileType = sourcecode.swift; path = ZDDepartment.swift; sourceTree = "<group>"; };
		92B64A7C20A053A200B19060 /* ZohoDeskSDK.framework */ = {isa = PBXFileReference; explicitFileType = wrapper.framework; includeInIndex = 0; path = ZohoDeskSDK.framework; sourceTree = BUILT_PRODUCTS_DIR; };
		92B64A7F20A053A200B19060 /* ZohoDeskSDK.h */ = {isa = PBXFileReference; lastKnownFileType = sourcecode.c.h; path = ZohoDeskSDK.h; sourceTree = "<group>"; };
		92B64A8020A053A200B19060 /* Info.plist */ = {isa = PBXFileReference; lastKnownFileType = text.plist.xml; path = Info.plist; sourceTree = "<group>"; };
		92B64AE220A0552800B19060 /* ZDBaseRequest.swift */ = {isa = PBXFileReference; fileEncoding = 4; lastKnownFileType = sourcecode.swift; path = ZDBaseRequest.swift; sourceTree = "<group>"; };
		92B64AE520A0554500B19060 /* ZDBaseRequester.swift */ = {isa = PBXFileReference; fileEncoding = 4; lastKnownFileType = sourcecode.swift; path = ZDBaseRequester.swift; sourceTree = "<group>"; };
		92B64AE820A0555A00B19060 /* ZDRequestMaker.swift */ = {isa = PBXFileReference; fileEncoding = 4; lastKnownFileType = sourcecode.swift; path = ZDRequestMaker.swift; sourceTree = "<group>"; };
		92B64AEB20A0556900B19060 /* ZDURLConstructor.swift */ = {isa = PBXFileReference; fileEncoding = 4; lastKnownFileType = sourcecode.swift; path = ZDURLConstructor.swift; sourceTree = "<group>"; };
		92B64AF020A056B000B19060 /* ZDOrganization.swift */ = {isa = PBXFileReference; lastKnownFileType = sourcecode.swift; path = ZDOrganization.swift; sourceTree = "<group>"; };
		92B64AF520A0572D00B19060 /* OptionalUNWrap.swift */ = {isa = PBXFileReference; fileEncoding = 4; lastKnownFileType = sourcecode.swift; path = OptionalUNWrap.swift; sourceTree = "<group>"; };
		92B64AFC20A0587200B19060 /* ZohoDeskSDK.swift */ = {isa = PBXFileReference; fileEncoding = 4; lastKnownFileType = sourcecode.swift; path = ZohoDeskSDK.swift; sourceTree = "<group>"; };
		92B64AFF20A05E0C00B19060 /* DataExtention.swift */ = {isa = PBXFileReference; fileEncoding = 4; lastKnownFileType = sourcecode.swift; path = DataExtention.swift; sourceTree = "<group>"; };
		92B64B0020A05E0C00B19060 /* StringExtention.swift */ = {isa = PBXFileReference; fileEncoding = 4; lastKnownFileType = sourcecode.swift; path = StringExtention.swift; sourceTree = "<group>"; };
		92B64B0620A05E6300B19060 /* ZDUserDefaults.swift */ = {isa = PBXFileReference; fileEncoding = 4; lastKnownFileType = sourcecode.swift; path = ZDUserDefaults.swift; sourceTree = "<group>"; };
		92B64B2120A1758200B19060 /* ZDTicketDetail.swift */ = {isa = PBXFileReference; fileEncoding = 4; lastKnownFileType = sourcecode.swift; path = ZDTicketDetail.swift; sourceTree = "<group>"; };
		92B64B2620A1766900B19060 /* ZDContact.swift */ = {isa = PBXFileReference; fileEncoding = 4; lastKnownFileType = sourcecode.swift; path = ZDContact.swift; sourceTree = "<group>"; };
		92B64B2A20A1768300B19060 /* ZDAccount.swift */ = {isa = PBXFileReference; fileEncoding = 4; lastKnownFileType = sourcecode.swift; path = ZDAccount.swift; sourceTree = "<group>"; };
		92B64B2D20A1789C00B19060 /* ZDTicket.swift */ = {isa = PBXFileReference; fileEncoding = 4; lastKnownFileType = sourcecode.swift; path = ZDTicket.swift; sourceTree = "<group>"; };
		92B64B3520A1A34700B19060 /* ZDThreadAction.swift */ = {isa = PBXFileReference; fileEncoding = 4; lastKnownFileType = sourcecode.swift; path = ZDThreadAction.swift; sourceTree = "<group>"; };
		92B64B3620A1A34800B19060 /* ZDAttachment.swift */ = {isa = PBXFileReference; fileEncoding = 4; lastKnownFileType = sourcecode.swift; path = ZDAttachment.swift; sourceTree = "<group>"; };
		92B64B3720A1A34800B19060 /* ZDThreadDetail.swift */ = {isa = PBXFileReference; fileEncoding = 4; lastKnownFileType = sourcecode.swift; path = ZDThreadDetail.swift; sourceTree = "<group>"; };
		92B64B3820A1A34800B19060 /* ZDThread.swift */ = {isa = PBXFileReference; fileEncoding = 4; lastKnownFileType = sourcecode.swift; path = ZDThread.swift; sourceTree = "<group>"; };
		92B64B4120A1A37400B19060 /* ZDConverstaion.swift */ = {isa = PBXFileReference; fileEncoding = 4; lastKnownFileType = sourcecode.swift; path = ZDConverstaion.swift; sourceTree = "<group>"; };
		92B64B4820A1D34600B19060 /* ZDTicketComment.swift */ = {isa = PBXFileReference; fileEncoding = 4; lastKnownFileType = sourcecode.swift; path = ZDTicketComment.swift; sourceTree = "<group>"; };
		92C19ECD20B6E2230088D7AC /* ZDLastThread.swift */ = {isa = PBXFileReference; lastKnownFileType = sourcecode.swift; path = ZDLastThread.swift; sourceTree = "<group>"; };
		92C19ED820B8882C0088D7AC /* ZDSearch.swift */ = {isa = PBXFileReference; lastKnownFileType = sourcecode.swift; path = ZDSearch.swift; sourceTree = "<group>"; };
		92EC563920B93D120019298C /* ZDView.swift */ = {isa = PBXFileReference; lastKnownFileType = sourcecode.swift; path = ZDView.swift; sourceTree = "<group>"; };
/* End PBXFileReference section */

/* Begin PBXFrameworksBuildPhase section */
		92B64A7820A053A200B19060 /* Frameworks */ = {
			isa = PBXFrameworksBuildPhase;
			buildActionMask = 2147483647;
			files = (
			);
			runOnlyForDeploymentPostprocessing = 0;
		};
/* End PBXFrameworksBuildPhase section */

/* Begin PBXGroup section */
		928C4BC220A303D900EA75F7 /* Contracts */ = {
			isa = PBXGroup;
			children = (
				928C4BC320A303F500EA75F7 /* ZDContract.swift */,
			);
			path = Contracts;
			sourceTree = "<group>";
		};
		92AD1A502110469900E0CE3C /* Providers */ = {
			isa = PBXGroup;
			children = (
				92AD1A512110469900E0CE3C /* Organizations */,
				92AD1A532110469900E0CE3C /* Tickets */,
				92AD1A552110469900E0CE3C /* Contact */,
				92AD1A572110469900E0CE3C /* ContactAttachment */,
				92AD1A592110469900E0CE3C /* TicketTimeEntry */,
				92AD1A5B2110469900E0CE3C /* Contracts */,
				92AD1A5D2110469900E0CE3C /* Agents */,
				92AD1A5F2110469900E0CE3C /* Uploads */,
				92AD1A612110469900E0CE3C /* TicketComments */,
				92AD1A632110469900E0CE3C /* TicketAttchements */,
				92AD1A652110469900E0CE3C /* Search */,
				92AD1A672110469900E0CE3C /* InternalHelperProvoider */,
				92AD1A6A2110469900E0CE3C /* Layouts */,
				92AD1A6C2110469900E0CE3C /* Accounts */,
				92AD1A6E2110469900E0CE3C /* Task */,
				92AD1A702110469900E0CE3C /* AccountsAttachment */,
				92AD1A722110469900E0CE3C /* TaskAttachement */,
				92AD1A742110469900E0CE3C /* Views */,
				92AD1A762110469900E0CE3C /* MailReplyAddress */,
				92AD1A782110469900E0CE3C /* Thread */,
				92AD1A7A2110469900E0CE3C /* Departements */,
				92AD1A7C2110469900E0CE3C /* AgentSignatures */,
			);
			path = Providers;
			sourceTree = "<group>";
		};
		92AD1A512110469900E0CE3C /* Organizations */ = {
			isa = PBXGroup;
			children = (
				92AD1A522110469900E0CE3C /* ZDOrganizationAPIHandler.swift */,
			);
			path = Organizations;
			sourceTree = "<group>";
		};
		92AD1A532110469900E0CE3C /* Tickets */ = {
			isa = PBXGroup;
			children = (
				92AD1A542110469900E0CE3C /* ZDTicketAPIHandler.swift */,
			);
			path = Tickets;
			sourceTree = "<group>";
		};
		92AD1A552110469900E0CE3C /* Contact */ = {
			isa = PBXGroup;
			children = (
				92AD1A562110469900E0CE3C /* ZDContactAPIHandler.swift */,
			);
			path = Contact;
			sourceTree = "<group>";
		};
		92AD1A572110469900E0CE3C /* ContactAttachment */ = {
			isa = PBXGroup;
			children = (
				92AD1A582110469900E0CE3C /* ZDContactAttachementAPIHandler.swift */,
			);
			path = ContactAttachment;
			sourceTree = "<group>";
		};
		92AD1A592110469900E0CE3C /* TicketTimeEntry */ = {
			isa = PBXGroup;
			children = (
				92AD1A5A2110469900E0CE3C /* ZDTicketTimeEntryAPIHandler.swift */,
			);
			path = TicketTimeEntry;
			sourceTree = "<group>";
		};
		92AD1A5B2110469900E0CE3C /* Contracts */ = {
			isa = PBXGroup;
			children = (
				92AD1A5C2110469900E0CE3C /* ZDContractAPIHandler.swift */,
			);
			path = Contracts;
			sourceTree = "<group>";
		};
		92AD1A5D2110469900E0CE3C /* Agents */ = {
			isa = PBXGroup;
			children = (
				92AD1A5E2110469900E0CE3C /* ZDAgentAPIHandler.swift */,
			);
			path = Agents;
			sourceTree = "<group>";
		};
		92AD1A5F2110469900E0CE3C /* Uploads */ = {
			isa = PBXGroup;
			children = (
				92AD1A602110469900E0CE3C /* ZDUploadAPIHandler.swift */,
			);
			path = Uploads;
			sourceTree = "<group>";
		};
		92AD1A612110469900E0CE3C /* TicketComments */ = {
			isa = PBXGroup;
			children = (
				92AD1A622110469900E0CE3C /* ZDTicketCommentsAPIHandler.swift */,
			);
			path = TicketComments;
			sourceTree = "<group>";
		};
		92AD1A632110469900E0CE3C /* TicketAttchements */ = {
			isa = PBXGroup;
			children = (
				92AD1A642110469900E0CE3C /* ZDTicketAttachmentAPIHandler.swift */,
			);
			path = TicketAttchements;
			sourceTree = "<group>";
		};
		92AD1A652110469900E0CE3C /* Search */ = {
			isa = PBXGroup;
			children = (
				92AD1A662110469900E0CE3C /* ZDSearchAPIHandler.swift */,
			);
			path = Search;
			sourceTree = "<group>";
		};
		92AD1A672110469900E0CE3C /* InternalHelperProvoider */ = {
			isa = PBXGroup;
			children = (
				92AD1A682110469900E0CE3C /* Attachments */,
			);
			path = InternalHelperProvoider;
			sourceTree = "<group>";
		};
		92AD1A682110469900E0CE3C /* Attachments */ = {
			isa = PBXGroup;
			children = (
				92AD1A692110469900E0CE3C /* ZDAttachementProvoider.swift */,
			);
			path = Attachments;
			sourceTree = "<group>";
		};
		92AD1A6A2110469900E0CE3C /* Layouts */ = {
			isa = PBXGroup;
			children = (
				92AD1A6B2110469900E0CE3C /* ZDLayoutAPIHandler.swift */,
			);
			path = Layouts;
			sourceTree = "<group>";
		};
		92AD1A6C2110469900E0CE3C /* Accounts */ = {
			isa = PBXGroup;
			children = (
				92AD1A6D2110469900E0CE3C /* ZDAccountAPIHandler.swift */,
			);
			path = Accounts;
			sourceTree = "<group>";
		};
		92AD1A6E2110469900E0CE3C /* Task */ = {
			isa = PBXGroup;
			children = (
				92AD1A6F2110469900E0CE3C /* ZDTaskAPIHandler.swift */,
			);
			path = Task;
			sourceTree = "<group>";
		};
		92AD1A702110469900E0CE3C /* AccountsAttachment */ = {
			isa = PBXGroup;
			children = (
				92AD1A712110469900E0CE3C /* ZDAccountAttachmentAPIHandler.swift */,
			);
			path = AccountsAttachment;
			sourceTree = "<group>";
		};
		92AD1A722110469900E0CE3C /* TaskAttachement */ = {
			isa = PBXGroup;
			children = (
				92AD1A732110469900E0CE3C /* ZDTaskAttachementAPIHandler.swift */,
			);
			path = TaskAttachement;
			sourceTree = "<group>";
		};
		92AD1A742110469900E0CE3C /* Views */ = {
			isa = PBXGroup;
			children = (
				92AD1A752110469900E0CE3C /* ZDViewAPIHandler.swift */,
			);
			path = Views;
			sourceTree = "<group>";
		};
		92AD1A762110469900E0CE3C /* MailReplyAddress */ = {
			isa = PBXGroup;
			children = (
				92AD1A772110469900E0CE3C /* ZDMailReplyAddressAPIHandler.swift */,
			);
			path = MailReplyAddress;
			sourceTree = "<group>";
		};
		92AD1A782110469900E0CE3C /* Thread */ = {
			isa = PBXGroup;
			children = (
				92AD1A792110469900E0CE3C /* ZDThreadAPIHandler.swift */,
			);
			path = Thread;
			sourceTree = "<group>";
		};
		92AD1A7A2110469900E0CE3C /* Departements */ = {
			isa = PBXGroup;
			children = (
				92AD1A7B2110469900E0CE3C /* ZDDepartmentAPIHandler.swift */,
			);
			path = Departements;
			sourceTree = "<group>";
		};
		92AD1A7C2110469900E0CE3C /* AgentSignatures */ = {
			isa = PBXGroup;
			children = (
				92AD1A7D2110469900E0CE3C /* ZDAgentSignaturesAPIHandler.swift */,
			);
			path = AgentSignatures;
			sourceTree = "<group>";
		};
		92AD1AAC2110A2DF00E0CE3C /* AgentSignatures */ = {
			isa = PBXGroup;
			children = (
				92AD1AAD2110A2DF00E0CE3C /* ZDAgentSignatures.swift */,
				92AD1AAE2110A2DF00E0CE3C /* ZDCustomizedSignatures.swift */,
			);
			path = AgentSignatures;
			sourceTree = "<group>";
		};
		92AD1AAF2110A2E000E0CE3C /* Layouts */ = {
			isa = PBXGroup;
			children = (
				92AD1AB02110A2E000E0CE3C /* GetLayouts */,
				92AD1AB22110A2E000E0CE3C /* MyForm */,
			);
			path = Layouts;
			sourceTree = "<group>";
		};
		92AD1AB02110A2E000E0CE3C /* GetLayouts */ = {
			isa = PBXGroup;
			children = (
				92AD1AB12110A2E000E0CE3C /* ZDLayouts.swift */,
			);
			path = GetLayouts;
			sourceTree = "<group>";
		};
		92AD1AB22110A2E000E0CE3C /* MyForm */ = {
			isa = PBXGroup;
			children = (
				92AD1AB32110A2E000E0CE3C /* ZDLayoutSections.swift */,
				92AD1AB42110A2E000E0CE3C /* ZDMyForm.swift */,
			);
			path = MyForm;
			sourceTree = "<group>";
		};
		92B5C61C20A22E8100469FC2 /* TicketTimeEntry */ = {
			isa = PBXGroup;
			children = (
				92B5C61D20A22E9200469FC2 /* ZDTicketTimeEntry.swift */,
			);
			path = TicketTimeEntry;
			sourceTree = "<group>";
		};
		92B5C63920A2396400469FC2 /* Task */ = {
			isa = PBXGroup;
			children = (
				92B5C63A20A2397000469FC2 /* ZDTask.swift */,
			);
			path = Task;
			sourceTree = "<group>";
		};
		92B5C64120A23B8C00469FC2 /* Agent */ = {
			isa = PBXGroup;
			children = (
				92B5C64220A23B9800469FC2 /* ZDAgent.swift */,
			);
			path = Agent;
			sourceTree = "<group>";
		};
		92B5C64920A23C8E00469FC2 /* Department */ = {
			isa = PBXGroup;
			children = (
				92B5C64A20A23CAC00469FC2 /* ZDDepartment.swift */,
			);
			path = Department;
			sourceTree = "<group>";
		};
		92B64A7220A053A200B19060 = {
			isa = PBXGroup;
			children = (
				92AD1A502110469900E0CE3C /* Providers */,
				92B64A7E20A053A200B19060 /* DeskSDK */,
				92B64AEE20A0563000B19060 /* JsonParser */,
				92B64AE120A0550200B19060 /* NetworkHelper */,
				92B64AF320A056EA00B19060 /* Utility */,
				92B64A7D20A053A200B19060 /* Products */,
			);
			sourceTree = "<group>";
		};
		92B64A7D20A053A200B19060 /* Products */ = {
			isa = PBXGroup;
			children = (
				92B64A7C20A053A200B19060 /* ZohoDeskSDK.framework */,
			);
			name = Products;
			sourceTree = "<group>";
		};
		92B64A7E20A053A200B19060 /* DeskSDK */ = {
			isa = PBXGroup;
			children = (
				92B64AFC20A0587200B19060 /* ZohoDeskSDK.swift */,
				92B64A7F20A053A200B19060 /* ZohoDeskSDK.h */,
				92B64A8020A053A200B19060 /* Info.plist */,
			);
			path = DeskSDK;
			sourceTree = "<group>";
		};
		92B64AE120A0550200B19060 /* NetworkHelper */ = {
			isa = PBXGroup;
			children = (
				92B64AE220A0552800B19060 /* ZDBaseRequest.swift */,
				92B64AE520A0554500B19060 /* ZDBaseRequester.swift */,
				92B64AEB20A0556900B19060 /* ZDURLConstructor.swift */,
				92B64AE820A0555A00B19060 /* ZDRequestMaker.swift */,
			);
			path = NetworkHelper;
			sourceTree = "<group>";
		};
		92B64AEE20A0563000B19060 /* JsonParser */ = {
			isa = PBXGroup;
			children = (
				92AD1AAC2110A2DF00E0CE3C /* AgentSignatures */,
				92AD1AAF2110A2E000E0CE3C /* Layouts */,
				92EC563820B93CFF0019298C /* Views */,
				92C19ED720B888100088D7AC /* Search */,
				928C4BC220A303D900EA75F7 /* Contracts */,
				92B5C64920A23C8E00469FC2 /* Department */,
				92B5C64120A23B8C00469FC2 /* Agent */,
				92B5C63920A2396400469FC2 /* Task */,
				92B5C61C20A22E8100469FC2 /* TicketTimeEntry */,
				92B64B3420A1A2AC00B19060 /* Thread */,
				92B64B2920A1767800B19060 /* Accounts */,
				92B64B2520A1764B00B19060 /* Contact */,
				92B64B2420A1758600B19060 /* Tickets */,
				92B64AEF20A0568700B19060 /* Organization */,
			);
			path = JsonParser;
			sourceTree = "<group>";
		};
		92B64AEF20A0568700B19060 /* Organization */ = {
			isa = PBXGroup;
			children = (
				92B64AF020A056B000B19060 /* ZDOrganization.swift */,
			);
			path = Organization;
			sourceTree = "<group>";
		};
		92B64AF320A056EA00B19060 /* Utility */ = {
			isa = PBXGroup;
			children = (
				92B64B0520A05E6300B19060 /* UserDefaults */,
				92B64AF820A057A600B19060 /* Constants */,
				92B64AF420A056FC00B19060 /* Extension */,
			);
			path = Utility;
			sourceTree = "<group>";
		};
		92B64AF420A056FC00B19060 /* Extension */ = {
			isa = PBXGroup;
			children = (
				925DAA8720AEFB090012B811 /* ZDAPIExtension.swift */,
				92B64AF520A0572D00B19060 /* OptionalUNWrap.swift */,
				92B64AFF20A05E0C00B19060 /* DataExtention.swift */,
				92B64B0020A05E0C00B19060 /* StringExtention.swift */,
			);
			path = Extension;
			sourceTree = "<group>";
		};
		92B64AF820A057A600B19060 /* Constants */ = {
			isa = PBXGroup;
			children = (
				92AD1AAA2110A2A700E0CE3C /* URLPathConstants.swift */,
			);
			path = Constants;
			sourceTree = "<group>";
		};
		92B64B0520A05E6300B19060 /* UserDefaults */ = {
			isa = PBXGroup;
			children = (
				92B64B0620A05E6300B19060 /* ZDUserDefaults.swift */,
			);
			path = UserDefaults;
			sourceTree = "<group>";
		};
		92B64B2420A1758600B19060 /* Tickets */ = {
			isa = PBXGroup;
			children = (
				92B64B4820A1D34600B19060 /* ZDTicketComment.swift */,
				92B64B2D20A1789C00B19060 /* ZDTicket.swift */,
				92B64B2120A1758200B19060 /* ZDTicketDetail.swift */,
			);
			path = Tickets;
			sourceTree = "<group>";
		};
		92B64B2520A1764B00B19060 /* Contact */ = {
			isa = PBXGroup;
			children = (
				92B64B2620A1766900B19060 /* ZDContact.swift */,
				92B5C62520A2330300469FC2 /* ZDContactDetail.swift */,
				92B5C62820A2358800469FC2 /* ZDCustomerHappiness.swift */,
			);
			path = Contact;
			sourceTree = "<group>";
		};
		92B64B2920A1767800B19060 /* Accounts */ = {
			isa = PBXGroup;
			children = (
				92B64B2A20A1768300B19060 /* ZDAccount.swift */,
				92B5C63220A2377600469FC2 /* ZDAccountDetail.swift */,
			);
			path = Accounts;
			sourceTree = "<group>";
		};
		92B64B3420A1A2AC00B19060 /* Thread */ = {
			isa = PBXGroup;
			children = (
				92B64B3820A1A34800B19060 /* ZDThread.swift */,
				92C19ECD20B6E2230088D7AC /* ZDLastThread.swift */,
				92B64B3720A1A34800B19060 /* ZDThreadDetail.swift */,
				92B64B3620A1A34800B19060 /* ZDAttachment.swift */,
				92B64B3520A1A34700B19060 /* ZDThreadAction.swift */,
				92B64B4120A1A37400B19060 /* ZDConverstaion.swift */,
			);
			path = Thread;
			sourceTree = "<group>";
		};
		92C19ED720B888100088D7AC /* Search */ = {
			isa = PBXGroup;
			children = (
				92C19ED820B8882C0088D7AC /* ZDSearch.swift */,
			);
			path = Search;
			sourceTree = "<group>";
		};
		92EC563820B93CFF0019298C /* Views */ = {
			isa = PBXGroup;
			children = (
				92EC563920B93D120019298C /* ZDView.swift */,
			);
			path = Views;
			sourceTree = "<group>";
		};
/* End PBXGroup section */

/* Begin PBXHeadersBuildPhase section */
		92B64A7920A053A200B19060 /* Headers */ = {
			isa = PBXHeadersBuildPhase;
			buildActionMask = 2147483647;
			files = (
				92B64A8D20A053A200B19060 /* ZohoDeskSDK.h in Headers */,
			);
			runOnlyForDeploymentPostprocessing = 0;
		};
/* End PBXHeadersBuildPhase section */

/* Begin PBXNativeTarget section */
		92B64A7B20A053A200B19060 /* ZohoDeskSDK */ = {
			isa = PBXNativeTarget;
			buildConfigurationList = 92B64A9020A053A200B19060 /* Build configuration list for PBXNativeTarget "ZohoDeskSDK" */;
			buildPhases = (
				92B64A7720A053A200B19060 /* Sources */,
				92B64A7820A053A200B19060 /* Frameworks */,
				92B64A7920A053A200B19060 /* Headers */,
				92B64A7A20A053A200B19060 /* Resources */,
			);
			buildRules = (
			);
			dependencies = (
			);
			name = ZohoDeskSDK;
			productName = DeskSDK;
			productReference = 92B64A7C20A053A200B19060 /* ZohoDeskSDK.framework */;
			productType = "com.apple.product-type.framework";
		};
/* End PBXNativeTarget section */

/* Begin PBXProject section */
		92B64A7320A053A200B19060 /* Project object */ = {
			isa = PBXProject;
			attributes = {
				LastSwiftUpdateCheck = 0930;
				LastUpgradeCheck = 0930;
				ORGANIZATIONNAME = "rajesh-2098";
				TargetAttributes = {
					92B64A7B20A053A200B19060 = {
						CreatedOnToolsVersion = 9.3;
						LastSwiftMigration = 0930;
					};
				};
			};
			buildConfigurationList = 92B64A7620A053A200B19060 /* Build configuration list for PBXProject "ZohoDeskSDK" */;
			compatibilityVersion = "Xcode 9.3";
			developmentRegion = en;
			hasScannedForEncodings = 0;
			knownRegions = (
				en,
			);
			mainGroup = 92B64A7220A053A200B19060;
			productRefGroup = 92B64A7D20A053A200B19060 /* Products */;
			projectDirPath = "";
			projectRoot = "";
			targets = (
				92B64A7B20A053A200B19060 /* ZohoDeskSDK */,
			);
		};
/* End PBXProject section */

/* Begin PBXResourcesBuildPhase section */
		92B64A7A20A053A200B19060 /* Resources */ = {
			isa = PBXResourcesBuildPhase;
			buildActionMask = 2147483647;
			files = (
			);
			runOnlyForDeploymentPostprocessing = 0;
		};
/* End PBXResourcesBuildPhase section */

/* Begin PBXSourcesBuildPhase section */
		92B64A7720A053A200B19060 /* Sources */ = {
			isa = PBXSourcesBuildPhase;
			buildActionMask = 2147483647;
			files = (
				92AD1A862110469900E0CE3C /* ZDTicketCommentsAPIHandler.swift in Sources */,
				92B64B3B20A1A34800B19060 /* ZDAttachment.swift in Sources */,
				92B64B2720A1766900B19060 /* ZDContact.swift in Sources */,
				92B64B3D20A1A34800B19060 /* ZDThreadDetail.swift in Sources */,
				92B64B0320A05E0C00B19060 /* StringExtention.swift in Sources */,
				92AD1A852110469900E0CE3C /* ZDUploadAPIHandler.swift in Sources */,
				92AD1A7E2110469900E0CE3C /* ZDOrganizationAPIHandler.swift in Sources */,
				92AD1AB72110A2E000E0CE3C /* ZDLayouts.swift in Sources */,
				92C19ED920B8882C0088D7AC /* ZDSearch.swift in Sources */,
				92B64AF120A056B000B19060 /* ZDOrganization.swift in Sources */,
				92AD1A8F2110469900E0CE3C /* ZDViewAPIHandler.swift in Sources */,
				92AD1A842110469900E0CE3C /* ZDAgentAPIHandler.swift in Sources */,
				92B5C62920A2358800469FC2 /* ZDCustomerHappiness.swift in Sources */,
				92AD1AB52110A2E000E0CE3C /* ZDAgentSignatures.swift in Sources */,
				92AD1A912110469900E0CE3C /* ZDThreadAPIHandler.swift in Sources */,
				92B64AE320A0552800B19060 /* ZDBaseRequest.swift in Sources */,
				92B64B4220A1A37400B19060 /* ZDConverstaion.swift in Sources */,
				928C4BC420A303F500EA75F7 /* ZDContract.swift in Sources */,
				92B64B2B20A1768300B19060 /* ZDAccount.swift in Sources */,
				92AD1A8A2110469900E0CE3C /* ZDLayoutAPIHandler.swift in Sources */,
				92B5C64320A23B9800469FC2 /* ZDAgent.swift in Sources */,
				92B5C64B20A23CAC00469FC2 /* ZDDepartment.swift in Sources */,
				92B64B4920A1D34600B19060 /* ZDTicketComment.swift in Sources */,
				92B5C63320A2377600469FC2 /* ZDAccountDetail.swift in Sources */,
				92B5C63B20A2397000469FC2 /* ZDTask.swift in Sources */,
				92AD1A922110469900E0CE3C /* ZDDepartmentAPIHandler.swift in Sources */,
				92B64AF620A0572D00B19060 /* OptionalUNWrap.swift in Sources */,
				92AD1AB62110A2E000E0CE3C /* ZDCustomizedSignatures.swift in Sources */,
				92B64B3F20A1A34800B19060 /* ZDThread.swift in Sources */,
				92AD1A902110469900E0CE3C /* ZDMailReplyAddressAPIHandler.swift in Sources */,
				92AD1A892110469900E0CE3C /* ZDAttachementProvoider.swift in Sources */,
				92B64AFD20A0587200B19060 /* ZohoDeskSDK.swift in Sources */,
				92AD1A812110469900E0CE3C /* ZDContactAttachementAPIHandler.swift in Sources */,
				92AD1A8C2110469900E0CE3C /* ZDTaskAPIHandler.swift in Sources */,
				92B5C61E20A22E9200469FC2 /* ZDTicketTimeEntry.swift in Sources */,
				92B64B0120A05E0C00B19060 /* DataExtention.swift in Sources */,
				92AD1A822110469900E0CE3C /* ZDTicketTimeEntryAPIHandler.swift in Sources */,
				92AD1AB92110A2E000E0CE3C /* ZDMyForm.swift in Sources */,
				92AD1AAB2110A2A700E0CE3C /* URLPathConstants.swift in Sources */,
				92B64AE920A0555A00B19060 /* ZDRequestMaker.swift in Sources */,
				925DAA8820AEFB090012B811 /* ZDAPIExtension.swift in Sources */,
				92B64B2E20A1789C00B19060 /* ZDTicket.swift in Sources */,
				92B64B0720A05E6300B19060 /* ZDUserDefaults.swift in Sources */,
				92B64B2220A1758200B19060 /* ZDTicketDetail.swift in Sources */,
				92AD1A832110469900E0CE3C /* ZDContractAPIHandler.swift in Sources */,
				92EC563A20B93D120019298C /* ZDView.swift in Sources */,
				92AD1A932110469900E0CE3C /* ZDAgentSignaturesAPIHandler.swift in Sources */,
				92AD1A8D2110469900E0CE3C /* ZDAccountAttachmentAPIHandler.swift in Sources */,
				92AD1A882110469900E0CE3C /* ZDSearchAPIHandler.swift in Sources */,
				92AD1A7F2110469900E0CE3C /* ZDTicketAPIHandler.swift in Sources */,
				92AD1A8E2110469900E0CE3C /* ZDTaskAttachementAPIHandler.swift in Sources */,
				92AD1A802110469900E0CE3C /* ZDContactAPIHandler.swift in Sources */,
				92B64AEC20A0556900B19060 /* ZDURLConstructor.swift in Sources */,
				92B64B3920A1A34800B19060 /* ZDThreadAction.swift in Sources */,
				92C19ECE20B6E2230088D7AC /* ZDLastThread.swift in Sources */,
				92B5C62620A2330300469FC2 /* ZDContactDetail.swift in Sources */,
				92B64AE620A0554500B19060 /* ZDBaseRequester.swift in Sources */,
				92AD1A872110469900E0CE3C /* ZDTicketAttachmentAPIHandler.swift in Sources */,
				92AD1AB82110A2E000E0CE3C /* ZDLayoutSections.swift in Sources */,
				92AD1A8B2110469900E0CE3C /* ZDAccountAPIHandler.swift in Sources */,
			);
			runOnlyForDeploymentPostprocessing = 0;
		};
/* End PBXSourcesBuildPhase section */

/* Begin XCBuildConfiguration section */
		92B64A8E20A053A200B19060 /* Debug */ = {
			isa = XCBuildConfiguration;
			buildSettings = {
				ALWAYS_SEARCH_USER_PATHS = NO;
				CLANG_ANALYZER_NONNULL = YES;
				CLANG_ANALYZER_NUMBER_OBJECT_CONVERSION = YES_AGGRESSIVE;
				CLANG_CXX_LANGUAGE_STANDARD = "gnu++14";
				CLANG_CXX_LIBRARY = "libc++";
				CLANG_ENABLE_MODULES = YES;
				CLANG_ENABLE_OBJC_ARC = YES;
				CLANG_ENABLE_OBJC_WEAK = YES;
				CLANG_WARN_BLOCK_CAPTURE_AUTORELEASING = YES;
				CLANG_WARN_BOOL_CONVERSION = YES;
				CLANG_WARN_COMMA = YES;
				CLANG_WARN_CONSTANT_CONVERSION = YES;
				CLANG_WARN_DEPRECATED_OBJC_IMPLEMENTATIONS = YES;
				CLANG_WARN_DIRECT_OBJC_ISA_USAGE = YES_ERROR;
				CLANG_WARN_DOCUMENTATION_COMMENTS = YES;
				CLANG_WARN_EMPTY_BODY = YES;
				CLANG_WARN_ENUM_CONVERSION = YES;
				CLANG_WARN_INFINITE_RECURSION = YES;
				CLANG_WARN_INT_CONVERSION = YES;
				CLANG_WARN_NON_LITERAL_NULL_CONVERSION = YES;
				CLANG_WARN_OBJC_IMPLICIT_RETAIN_SELF = YES;
				CLANG_WARN_OBJC_LITERAL_CONVERSION = YES;
				CLANG_WARN_OBJC_ROOT_CLASS = YES_ERROR;
				CLANG_WARN_RANGE_LOOP_ANALYSIS = YES;
				CLANG_WARN_STRICT_PROTOTYPES = YES;
				CLANG_WARN_SUSPICIOUS_MOVE = YES;
				CLANG_WARN_UNGUARDED_AVAILABILITY = YES_AGGRESSIVE;
				CLANG_WARN_UNREACHABLE_CODE = YES;
				CLANG_WARN__DUPLICATE_METHOD_MATCH = YES;
				CODE_SIGN_IDENTITY = "iPhone Developer";
				COPY_PHASE_STRIP = NO;
				CURRENT_PROJECT_VERSION = 1;
				DEBUG_INFORMATION_FORMAT = dwarf;
				ENABLE_STRICT_OBJC_MSGSEND = YES;
				ENABLE_TESTABILITY = YES;
				GCC_C_LANGUAGE_STANDARD = gnu11;
				GCC_DYNAMIC_NO_PIC = NO;
				GCC_NO_COMMON_BLOCKS = YES;
				GCC_OPTIMIZATION_LEVEL = 0;
				GCC_PREPROCESSOR_DEFINITIONS = (
					"DEBUG=1",
					"$(inherited)",
				);
				GCC_WARN_64_TO_32_BIT_CONVERSION = YES;
				GCC_WARN_ABOUT_RETURN_TYPE = YES_ERROR;
				GCC_WARN_UNDECLARED_SELECTOR = YES;
				GCC_WARN_UNINITIALIZED_AUTOS = YES_AGGRESSIVE;
				GCC_WARN_UNUSED_FUNCTION = YES;
				GCC_WARN_UNUSED_VARIABLE = YES;
				IPHONEOS_DEPLOYMENT_TARGET = 11.3;
				MTL_ENABLE_DEBUG_INFO = YES;
				ONLY_ACTIVE_ARCH = YES;
				SDKROOT = iphoneos;
				SWIFT_ACTIVE_COMPILATION_CONDITIONS = DEBUG;
				SWIFT_OPTIMIZATION_LEVEL = "-Onone";
				VERSIONING_SYSTEM = "apple-generic";
				VERSION_INFO_PREFIX = "";
			};
			name = Debug;
		};
		92B64A8F20A053A200B19060 /* Release */ = {
			isa = XCBuildConfiguration;
			buildSettings = {
				ALWAYS_SEARCH_USER_PATHS = NO;
				CLANG_ANALYZER_NONNULL = YES;
				CLANG_ANALYZER_NUMBER_OBJECT_CONVERSION = YES_AGGRESSIVE;
				CLANG_CXX_LANGUAGE_STANDARD = "gnu++14";
				CLANG_CXX_LIBRARY = "libc++";
				CLANG_ENABLE_MODULES = YES;
				CLANG_ENABLE_OBJC_ARC = YES;
				CLANG_ENABLE_OBJC_WEAK = YES;
				CLANG_WARN_BLOCK_CAPTURE_AUTORELEASING = YES;
				CLANG_WARN_BOOL_CONVERSION = YES;
				CLANG_WARN_COMMA = YES;
				CLANG_WARN_CONSTANT_CONVERSION = YES;
				CLANG_WARN_DEPRECATED_OBJC_IMPLEMENTATIONS = YES;
				CLANG_WARN_DIRECT_OBJC_ISA_USAGE = YES_ERROR;
				CLANG_WARN_DOCUMENTATION_COMMENTS = YES;
				CLANG_WARN_EMPTY_BODY = YES;
				CLANG_WARN_ENUM_CONVERSION = YES;
				CLANG_WARN_INFINITE_RECURSION = YES;
				CLANG_WARN_INT_CONVERSION = YES;
				CLANG_WARN_NON_LITERAL_NULL_CONVERSION = YES;
				CLANG_WARN_OBJC_IMPLICIT_RETAIN_SELF = YES;
				CLANG_WARN_OBJC_LITERAL_CONVERSION = YES;
				CLANG_WARN_OBJC_ROOT_CLASS = YES_ERROR;
				CLANG_WARN_RANGE_LOOP_ANALYSIS = YES;
				CLANG_WARN_STRICT_PROTOTYPES = YES;
				CLANG_WARN_SUSPICIOUS_MOVE = YES;
				CLANG_WARN_UNGUARDED_AVAILABILITY = YES_AGGRESSIVE;
				CLANG_WARN_UNREACHABLE_CODE = YES;
				CLANG_WARN__DUPLICATE_METHOD_MATCH = YES;
				CODE_SIGN_IDENTITY = "iPhone Developer";
				COPY_PHASE_STRIP = NO;
				CURRENT_PROJECT_VERSION = 1;
				DEBUG_INFORMATION_FORMAT = "dwarf-with-dsym";
				ENABLE_NS_ASSERTIONS = NO;
				ENABLE_STRICT_OBJC_MSGSEND = YES;
				GCC_C_LANGUAGE_STANDARD = gnu11;
				GCC_NO_COMMON_BLOCKS = YES;
				GCC_WARN_64_TO_32_BIT_CONVERSION = YES;
				GCC_WARN_ABOUT_RETURN_TYPE = YES_ERROR;
				GCC_WARN_UNDECLARED_SELECTOR = YES;
				GCC_WARN_UNINITIALIZED_AUTOS = YES_AGGRESSIVE;
				GCC_WARN_UNUSED_FUNCTION = YES;
				GCC_WARN_UNUSED_VARIABLE = YES;
				IPHONEOS_DEPLOYMENT_TARGET = 11.3;
				MTL_ENABLE_DEBUG_INFO = NO;
				SDKROOT = iphoneos;
				SWIFT_COMPILATION_MODE = wholemodule;
				SWIFT_OPTIMIZATION_LEVEL = "-O";
				VALIDATE_PRODUCT = YES;
				VERSIONING_SYSTEM = "apple-generic";
				VERSION_INFO_PREFIX = "";
			};
			name = Release;
		};
		92B64A9120A053A200B19060 /* Debug */ = {
			isa = XCBuildConfiguration;
			buildSettings = {
				APPLICATION_EXTENSION_API_ONLY = NO;
				CLANG_ENABLE_MODULES = YES;
				CODE_SIGN_IDENTITY = "";
				CODE_SIGN_STYLE = Automatic;
				DEFINES_MODULE = YES;
				DEVELOPMENT_TEAM = TZ824L8Y37;
				DYLIB_COMPATIBILITY_VERSION = 1;
				DYLIB_CURRENT_VERSION = 1;
				DYLIB_INSTALL_NAME_BASE = "@rpath";
				INFOPLIST_FILE = DeskSDK/Info.plist;
				INSTALL_PATH = "$(LOCAL_LIBRARY_DIR)/Frameworks";
				IPHONEOS_DEPLOYMENT_TARGET = 9.0;
				LD_RUNPATH_SEARCH_PATHS = (
					"$(inherited)",
					"@executable_path/Frameworks",
					"@loader_path/Frameworks",
				);
				PRODUCT_BUNDLE_IDENTIFIER = com.zoho.desksdk.DeskSDK;
				PRODUCT_NAME = "$(TARGET_NAME:c99extidentifier)";
				SKIP_INSTALL = YES;
				SWIFT_OPTIMIZATION_LEVEL = "-Onone";
				SWIFT_VERSION = 4.0;
				TARGETED_DEVICE_FAMILY = "1,2";
			};
			name = Debug;
		};
		92B64A9220A053A200B19060 /* Release */ = {
			isa = XCBuildConfiguration;
			buildSettings = {
				APPLICATION_EXTENSION_API_ONLY = NO;
				CLANG_ENABLE_MODULES = YES;
				CODE_SIGN_IDENTITY = "";
				CODE_SIGN_STYLE = Automatic;
				DEFINES_MODULE = YES;
				DEVELOPMENT_TEAM = TZ824L8Y37;
				DYLIB_COMPATIBILITY_VERSION = 1;
				DYLIB_CURRENT_VERSION = 1;
				DYLIB_INSTALL_NAME_BASE = "@rpath";
				INFOPLIST_FILE = DeskSDK/Info.plist;
				INSTALL_PATH = "$(LOCAL_LIBRARY_DIR)/Frameworks";
				IPHONEOS_DEPLOYMENT_TARGET = 9.0;
				LD_RUNPATH_SEARCH_PATHS = (
					"$(inherited)",
					"@executable_path/Frameworks",
					"@loader_path/Frameworks",
				);
				PRODUCT_BUNDLE_IDENTIFIER = com.zoho.desksdk.DeskSDK;
				PRODUCT_NAME = "$(TARGET_NAME:c99extidentifier)";
				SKIP_INSTALL = YES;
				SWIFT_VERSION = 4.0;
				TARGETED_DEVICE_FAMILY = "1,2";
			};
			name = Release;
		};
/* End XCBuildConfiguration section */

/* Begin XCConfigurationList section */
		92B64A7620A053A200B19060 /* Build configuration list for PBXProject "ZohoDeskSDK" */ = {
			isa = XCConfigurationList;
			buildConfigurations = (
				92B64A8E20A053A200B19060 /* Debug */,
				92B64A8F20A053A200B19060 /* Release */,
			);
			defaultConfigurationIsVisible = 0;
			defaultConfigurationName = Release;
		};
		92B64A9020A053A200B19060 /* Build configuration list for PBXNativeTarget "ZohoDeskSDK" */ = {
			isa = XCConfigurationList;
			buildConfigurations = (
				92B64A9120A053A200B19060 /* Debug */,
				92B64A9220A053A200B19060 /* Release */,
			);
			defaultConfigurationIsVisible = 0;
			defaultConfigurationName = Release;
		};
/* End XCConfigurationList section */
	};
	rootObject = 92B64A7320A053A200B19060 /* Project object */;
}
